<Solution>
  <Project Path="UltimakerMonitor.ApiService/UltimakerMonitor.ApiService.csproj" />
  <Project Path="UltimakerMonitor.AppHost/UltimakerMonitor.AppHost.csproj" />
  <Project Path="UltimakerMonitor.ServiceDefaults/UltimakerMonitor.ServiceDefaults.csproj" Id="494f6c2c-3e62-417a-8310-87c60b998f40" />
  <Project Path="UltimakerMonitor.Web/UltimakerMonitor.Web.csproj" />
</Solution>
